<?xml version="1.0" encoding="utf-8"?>
<Project ToolsVersion="4.0" xmlns="http://schemas.microsoft.com/developer/msbuild/2003">
  <ItemGroup>
    <ClCompile Include="member.cpp" />
    <ClCompile Include="test.cpp" />
    <ClCompile Include="pch.cpp" />
    <ClCompile Include="test_ADD.cpp" />
  </ItemGroup>
  <ItemGroup>
    <ClInclude Include="Add.h" />
    <ClInclude Include="member.h" />
    <ClInclude Include="ParameterChecker.h" />
    <ClInclude Include="pch.h" />
  </ItemGroup>
  <ItemGroup>
    <None Include="packages.config" />
  </ItemGroup>
  <ItemGroup>
    <Filter Include="input">
      <UniqueIdentifier>{5d1b3000-6c26-4416-a2cd-079606ab0198}</UniqueIdentifier>
    </Filter>
  </ItemGroup>
  <ItemGroup>
    <Text Include="input\inputAdd.txt">
      <Filter>input</Filter>
    </Text>
  </ItemGroup>
</Project>