<?xml version="1.0" encoding="utf-8"?>
<Project ToolsVersion="4.0" xmlns="http://schemas.microsoft.com/developer/msbuild/2003">
  <ItemGroup>
    <ClCompile Include="member.cpp" />
    <ClCompile Include="test.cpp" />
    <ClCompile Include="pch.cpp" />
    <ClCompile Include="test_ADD.cpp" />
    <ClCompile Include="modifier.cpp" />
    <ClCompile Include="modify_test.cpp" />
    <ClCompile Include="delete.cpp" />
    <ClCompile Include="test_delete.cpp" />
    <ClCompile Include="Sch.cpp" />
    <ClCompile Include="test_SCH.cpp" />
    <ClCompile Include="AddParmeterChecker.cpp" />
    <ClCompile Include="Add.cpp" />
    <ClCompile Include="main.cpp" />
    <ClCompile Include="SchParameterChecker.cpp" />
  </ItemGroup>
  <ItemGroup>
    <ClInclude Include="Add.h" />
    <ClInclude Include="member.h" />
    <ClInclude Include="ParameterChecker.h" />
    <ClInclude Include="pch.h" />
    <ClInclude Include="modifier.h" />
    <ClInclude Include="delete.h" />
    <ClInclude Include="Sch.h" />
    <ClInclude Include="AddParmeterChecker.h" />
    <ClInclude Include="SchParameterChecker.h" />
  </ItemGroup>
  <ItemGroup>
    <None Include="packages.config" />
  </ItemGroup>
  <ItemGroup>
    <Filter Include="input">
      <UniqueIdentifier>{5d1b3000-6c26-4416-a2cd-079606ab0198}</UniqueIdentifier>
    </Filter>
  </ItemGroup>
  <ItemGroup>
    <Text Include="input\inputAdd.txt">
      <Filter>input</Filter>
    </Text>
    <Text Include="input\input_20_20.txt">
      <Filter>input</Filter>
    </Text>
    <Text Include="input\output_20_20.txt">
      <Filter>input</Filter>
    </Text>
    <Text Include="input\inputSearch.txt">
      <Filter>input</Filter>
    </Text>
  </ItemGroup>
</Project>